
Microsoft Visual Studio Solution File, Format Version 12.00
Project("{FAE04EC0-301F-11D3-BF4B-00C04F79EFBC}") = "TestContainers", "TestContainers\TestContainers.csproj", "{FD8DDB31-8631-4710-BA52-85ACFBDE2C3A}"
EndProject
Project("{FAE04EC0-301F-11D3-BF4B-00C04F79EFBC}") = "IntegrationTests", "IntegrationTests\IntegrationTests.csproj", "{63F243AB-9E50-4A65-AD0B-C6BF0C124807}"
EndProject
Global
	GlobalSection(SolutionConfigurationPlatforms) = preSolution
		Debug|Any CPU = Debug|Any CPU
		Release|Any CPU = Release|Any CPU
	EndGlobalSection
	GlobalSection(ProjectConfigurationPlatforms) = postSolution
		{FD8DDB31-8631-4710-BA52-85ACFBDE2C3A}.Debug|Any CPU.ActiveCfg = Debug|Any CPU
		{FD8DDB31-8631-4710-BA52-85ACFBDE2C3A}.Debug|Any CPU.Build.0 = Debug|Any CPU
		{FD8DDB31-8631-4710-BA52-85ACFBDE2C3A}.Release|Any CPU.ActiveCfg = Release|Any CPU
		{FD8DDB31-8631-4710-BA52-85ACFBDE2C3A}.Release|Any CPU.Build.0 = Release|Any CPU
		{63F243AB-9E50-4A65-AD0B-C6BF0C124807}.Debug|Any CPU.ActiveCfg = Debug|Any CPU
		{63F243AB-9E50-4A65-AD0B-C6BF0C124807}.Debug|Any CPU.Build.0 = Debug|Any CPU
		{63F243AB-9E50-4A65-AD0B-C6BF0C124807}.Release|Any CPU.ActiveCfg = Release|Any CPU
		{63F243AB-9E50-4A65-AD0B-C6BF0C124807}.Release|Any CPU.Build.0 = Release|Any CPU
	EndGlobalSection
EndGlobal
